
Microsoft Visual Studio Solution File, Format Version 12.00
# Visual Studio Version 17
VisualStudioVersion = 17.7.34031.279
MinimumVisualStudioVersion = 10.0.40219.1
Project("{FAE04EC0-301F-11D3-BF4B-00C04F79EFBC}") = "TravelPlanner.Android", "TravelPlanner.Android\TravelPlanner.Android.csproj", "{EBC43BE6-2354-4F29-A23D-73CFFB1C5636}"
EndProject
Project("{FAE04EC0-301F-11D3-BF4B-00C04F79EFBC}") = "TravelPlanner", "TravelPlanner\TravelPlanner.csproj", "{4FD844B7-50D6-4CD5-A176-4FEADFF5179A}"
EndProject
Global
	GlobalSection(SolutionConfigurationPlatforms) = preSolution
		Debug|Any CPU = Debug|Any CPU
		Release|Any CPU = Release|Any CPU
	EndGlobalSection
	GlobalSection(ProjectConfigurationPlatforms) = postSolution
		{EBC43BE6-2354-4F29-A23D-73CFFB1C5636}.Debug|Any CPU.ActiveCfg = Debug|Any CPU
		{EBC43BE6-2354-4F29-A23D-73CFFB1C5636}.Debug|Any CPU.Build.0 = Debug|Any CPU
		{EBC43BE6-2354-4F29-A23D-73CFFB1C5636}.Debug|Any CPU.Deploy.0 = Debug|Any CPU
		{EBC43BE6-2354-4F29-A23D-73CFFB1C5636}.Release|Any CPU.ActiveCfg = Release|Any CPU
		{EBC43BE6-2354-4F29-A23D-73CFFB1C5636}.Release|Any CPU.Build.0 = Release|Any CPU
		{EBC43BE6-2354-4F29-A23D-73CFFB1C5636}.Release|Any CPU.Deploy.0 = Release|Any CPU
		{4FD844B7-50D6-4CD5-A176-4FEADFF5179A}.Debug|Any CPU.ActiveCfg = Debug|Any CPU
		{4FD844B7-50D6-4CD5-A176-4FEADFF5179A}.Debug|Any CPU.Build.0 = Debug|Any CPU
		{4FD844B7-50D6-4CD5-A176-4FEADFF5179A}.Debug|Any CPU.Deploy.0 = Debug|Any CPU
		{4FD844B7-50D6-4CD5-A176-4FEADFF5179A}.Release|Any CPU.ActiveCfg = Release|Any CPU
		{4FD844B7-50D6-4CD5-A176-4FEADFF5179A}.Release|Any CPU.Build.0 = Release|Any CPU
		{4FD844B7-50D6-4CD5-A176-4FEADFF5179A}.Release|Any CPU.Deploy.0 = Release|Any CPU
	EndGlobalSection
	GlobalSection(SolutionProperties) = preSolution
		HideSolutionNode = FALSE
	EndGlobalSection
	GlobalSection(ExtensibilityGlobals) = postSolution
		SolutionGuid = {175150C0-2480-4CEB-BDF5-D78F4DD3F18A}
	EndGlobalSection
EndGlobal
